GEM
  remote: https://rubygems.org/
  specs:
    bigdecimal (4.1.2)
    mini_portile2 (2.8.9)
    nio4r (2.7.5)
    oj (3.17.1)
      bigdecimal (>= 3.0)
      ostruct (>= 0.2)
    ostruct (0.6.3)
    puma (8.0.1)
      nio4r (~> 2.0)
    rack (3.2.6)
    sqlite3 (2.9.4)
      mini_portile2 (~> 2.8.0)
    sqlite3 (2.9.4-arm64-darwin)

PLATFORMS
  arm64-darwin-24
  ruby

DEPENDENCIES
  oj (~> 3.17)
  puma (~> 8.0)
  rack (~> 3.2)
  sqlite3 (~> 2.9, >= 2.9.4)

BUNDLED WITH
   2.5.3
