GEM
  remote: https://rubygems.org/
  specs:
    bigdecimal (4.1.2)
    nio4r (2.7.5)
    oj (3.17.1)
      bigdecimal (>= 3.0)
      ostruct (>= 0.2)
    ostruct (0.6.3)
    puma (8.0.1)
      nio4r (~> 2.0)
    rack (3.2.6)

PLATFORMS
  arm64-darwin-24
  ruby

DEPENDENCIES
  oj
  puma
  rack

CHECKSUMS
  bigdecimal (4.1.2) sha256=53d217666027eab4280346fba98e7d5b66baaae1b9c3c1c0ffe89d48188a3fbd
  nio4r (2.7.5) sha256=6c90168e48fb5f8e768419c93abb94ba2b892a1d0602cb06eef16d8b7df1dca1
  oj (3.17.1) sha256=b00687f10bf68a32bfb633b87624174faf0989a5c96aff2f3f96f992717ce782
  ostruct (0.6.3) sha256=95a2ed4a4bd1d190784e666b47b2d3f078e4a9efda2fccf18f84ddc6538ed912
  puma (8.0.1) sha256=7b94e50c07655718c1fb8ae41a11fc06c7d61293208b3aa608ff71a46d3ad37c
  rack (3.2.6) sha256=5ed78e1f73b2e25679bec7d45ee2d4483cc4146eb1be0264fc4d94cb5ef212c2

RUBY VERSION
  ruby 4.0.2

BUNDLED WITH
  4.0.6
